
Microsoft Visual Studio Solution File, Format Version 12.00
# Visual Studio Version 17
VisualStudioVersion = 17.9.34714.143
MinimumVisualStudioVersion = 10.0.40219.1
Project("{FAE04EC0-301F-11D3-BF4B-00C04F79EFBC}") = "PrimerEjercicioWinForms", "PrimerEjercicioWinForms.csproj", "{76C10F52-AE79-4FDC-9449-D291B364AE5E}"
EndProject
Global
	GlobalSection(SolutionConfigurationPlatforms) = preSolution
		Debug|Any CPU = Debug|Any CPU
		Release|Any CPU = Release|Any CPU
	EndGlobalSection
	GlobalSection(ProjectConfigurationPlatforms) = postSolution
		{76C10F52-AE79-4FDC-9449-D291B364AE5E}.Debug|Any CPU.ActiveCfg = Debug|Any CPU
		{76C10F52-AE79-4FDC-9449-D291B364AE5E}.Debug|Any CPU.Build.0 = Debug|Any CPU
		{76C10F52-AE79-4FDC-9449-D291B364AE5E}.Release|Any CPU.ActiveCfg = Release|Any CPU
		{76C10F52-AE79-4FDC-9449-D291B364AE5E}.Release|Any CPU.Build.0 = Release|Any CPU
	EndGlobalSection
	GlobalSection(SolutionProperties) = preSolution
		HideSolutionNode = FALSE
	EndGlobalSection
	GlobalSection(ExtensibilityGlobals) = postSolution
		SolutionGuid = {B892F2B8-2E38-4C4F-BAE3-B31867C8DD46}
	EndGlobalSection
EndGlobal
