
Microsoft Visual Studio Solution File, Format Version 12.00
# Visual Studio Version 17
VisualStudioVersion = 17.5.002.0
MinimumVisualStudioVersion = 10.0.40219.1
Project("{9A19103F-16F7-4668-BE54-9A1E7A4F7556}") = "ACTIVIDAD 1", "ACTIVIDAD 1.csproj", "{2F662252-AFC9-4583-A05D-6E918B3679CC}"
EndProject
Global
	GlobalSection(SolutionConfigurationPlatforms) = preSolution
		Debug|Any CPU = Debug|Any CPU
		Release|Any CPU = Release|Any CPU
	EndGlobalSection
	GlobalSection(ProjectConfigurationPlatforms) = postSolution
		{2F662252-AFC9-4583-A05D-6E918B3679CC}.Debug|Any CPU.ActiveCfg = Debug|Any CPU
		{2F662252-AFC9-4583-A05D-6E918B3679CC}.Debug|Any CPU.Build.0 = Debug|Any CPU
		{2F662252-AFC9-4583-A05D-6E918B3679CC}.Release|Any CPU.ActiveCfg = Release|Any CPU
		{2F662252-AFC9-4583-A05D-6E918B3679CC}.Release|Any CPU.Build.0 = Release|Any CPU
	EndGlobalSection
	GlobalSection(SolutionProperties) = preSolution
		HideSolutionNode = FALSE
	EndGlobalSection
	GlobalSection(ExtensibilityGlobals) = postSolution
		SolutionGuid = {3A9CE688-25FC-45E2-9E76-3849BB54AE24}
	EndGlobalSection
EndGlobal
